Microsoft Visual Studio Solution File, Format Version 12.00
# Visual Studio Version 17
VisualStudioVersion = 17.5.2.0
MinimumVisualStudioVersion = 10.0.40219.1
Project("{FAE04EC0-301F-11D3-BF4B-00C04F79EFBC}") = "VIVEcms", "VIVEcms.csproj", "{B3583187-4884-B30E-C59E-D6E9DF565413}"
EndProject
Global
	GlobalSection(SolutionConfigurationPlatforms) = preSolution
		Debug|Any CPU = Debug|Any CPU
		Release|Any CPU = Release|Any CPU
	EndGlobalSection
	GlobalSection(ProjectConfigurationPlatforms) = postSolution
		{B3583187-4884-B30E-C59E-D6E9DF565413}.Debug|Any CPU.ActiveCfg = Debug|Any CPU
		{B3583187-4884-B30E-C59E-D6E9DF565413}.Debug|Any CPU.Build.0 = Debug|Any CPU
		{B3583187-4884-B30E-C59E-D6E9DF565413}.Release|Any CPU.ActiveCfg = Release|Any CPU
		{B3583187-4884-B30E-C59E-D6E9DF565413}.Release|Any CPU.Build.0 = Release|Any CPU
	EndGlobalSection
	GlobalSection(SolutionProperties) = preSolution
		HideSolutionNode = FALSE
	EndGlobalSection
	GlobalSection(ExtensibilityGlobals) = postSolution
		SolutionGuid = {5B60EE4F-E0E8-460B-AE76-A684E2AD0571}
	EndGlobalSection
EndGlobal
